// !$*UTF8*$!
{
	archiveVersion = 1;
	classes = {
	};
	objectVersion = 46;
	objects = {

/* Begin PBXBuildFile section */
		C0F29CFF1E8A3C8900F207C6 /* main.m in Sources */ = {isa = PBXBuildFile; fileRef = C0F29CFE1E8A3C8900F207C6 /* main.m */; };
		C0F29D0C1E8A3CA800F207C6 /* main.m in Sources */ = {isa = PBXBuildFile; fileRef = C0F29D0B1E8A3CA800F207C6 /* main.m */; };
		C0F29D171E8A3CE600F207C6 /* main.m in Sources */ = {isa = PBXBuildFile; fileRef = C0F29D161E8A3CE600F207C6 /* main.m */; };
/* End PBXBuildFile section */

/* Begin PBXCopyFilesBuildPhase section */
		C0F29CF91E8A3C8900F207C6 /* CopyFiles */ = {
			isa = PBXCopyFilesBuildPhase;
			buildActionMask = 2147483647;
			dstPath = /usr/share/man/man1/;
			dstSubfolderSpec = 0;
			files = (
			);
			runOnlyForDeploymentPostprocessing = 1;
		};
		C0F29D071E8A3CA800F207C6 /* CopyFiles */ = {
			isa = PBXCopyFilesBuildPhase;
			buildActionMask = 2147483647;
			dstPath = /usr/share/man/man1/;
			dstSubfolderSpec = 0;
			files = (
			);
			runOnlyForDeploymentPostprocessing = 1;
		};
		C0F29D121E8A3CE600F207C6 /* CopyFiles */ = {
			isa = PBXCopyFilesBuildPhase;
			buildActionMask = 2147483647;
			dstPath = /usr/share/man/man1/;
			dstSubfolderSpec = 0;
			files = (
			);
			runOnlyForDeploymentPostprocessing = 1;
		};
/* End PBXCopyFilesBuildPhase section */

/* Begin PBXFileReference section */
		C0F29CFB1E8A3C8900F207C6 /* 4.8 */ = {isa = PBXFileReference; explicitFileType = "compiled.mach-o.executable"; includeInIndex = 0; path = 4.8; sourceTree = BUILT_PRODUCTS_DIR; };
		C0F29CFE1E8A3C8900F207C6 /* main.m */ = {isa = PBXFileReference; lastKnownFileType = sourcecode.c.objc; path = main.m; sourceTree = "<group>"; };
		C0F29D091E8A3CA800F207C6 /* stringWithContentsOfURL:encoding:error:方法 */ = {isa = PBXFileReference; explicitFileType = "compiled.mach-o.executable"; includeInIndex = 0; path = "stringWithContentsOfURL:encoding:error:方法"; sourceTree = BUILT_PRODUCTS_DIR; };
		C0F29D0B1E8A3CA800F207C6 /* main.m */ = {isa = PBXFileReference; lastKnownFileType = sourcecode.c.objc; path = main.m; sourceTree = "<group>"; };
		C0F29D141E8A3CE600F207C6 /* 返回NSData类的对象 */ = {isa = PBXFileReference; explicitFileType = "compiled.mach-o.executable"; includeInIndex = 0; path = "返回NSData类的对象"; sourceTree = BUILT_PRODUCTS_DIR; };
		C0F29D161E8A3CE600F207C6 /* main.m */ = {isa = PBXFileReference; lastKnownFileType = sourcecode.c.objc; path = main.m; sourceTree = "<group>"; };
/* End PBXFileReference section */

/* Begin PBXFrameworksBuildPhase section */
		C0F29CF81E8A3C8900F207C6 /* Frameworks */ = {
			isa = PBXFrameworksBuildPhase;
			buildActionMask = 2147483647;
			files = (
			);
			runOnlyForDeploymentPostprocessing = 0;
		};
		C0F29D061E8A3CA800F207C6 /* Frameworks */ = {
			isa = PBXFrameworksBuildPhase;
			buildActionMask = 2147483647;
			files = (
			);
			runOnlyForDeploymentPostprocessing = 0;
		};
		C0F29D111E8A3CE600F207C6 /* Frameworks */ = {
			isa = PBXFrameworksBuildPhase;
			buildActionMask = 2147483647;
			files = (
			);
			runOnlyForDeploymentPostprocessing = 0;
		};
/* End PBXFrameworksBuildPhase section */

/* Begin PBXGroup section */
		C0F29CF21E8A3C8900F207C6 = {
			isa = PBXGroup;
			children = (
				C0F29CFD1E8A3C8900F207C6 /* 4.8 */,
				C0F29D0A1E8A3CA800F207C6 /* stringWithContentsOfURL:encoding:error:方法 */,
				C0F29D151E8A3CE600F207C6 /* 返回NSData类的对象 */,
				C0F29CFC1E8A3C8900F207C6 /* Products */,
			);
			sourceTree = "<group>";
		};
		C0F29CFC1E8A3C8900F207C6 /* Products */ = {
			isa = PBXGroup;
			children = (
				C0F29CFB1E8A3C8900F207C6 /* 4.8 */,
				C0F29D091E8A3CA800F207C6 /* stringWithContentsOfURL:encoding:error:方法 */,
				C0F29D141E8A3CE600F207C6 /* 返回NSData类的对象 */,
			);
			name = Products;
			sourceTree = "<group>";
		};
		C0F29CFD1E8A3C8900F207C6 /* 4.8 */ = {
			isa = PBXGroup;
			children = (
				C0F29CFE1E8A3C8900F207C6 /* main.m */,
			);
			path = 4.8;
			sourceTree = "<group>";
		};
		C0F29D0A1E8A3CA800F207C6 /* stringWithContentsOfURL:encoding:error:方法 */ = {
			isa = PBXGroup;
			children = (
				C0F29D0B1E8A3CA800F207C6 /* main.m */,
			);
			path = "stringWithContentsOfURL:encoding:error:方法";
			sourceTree = "<group>";
		};
		C0F29D151E8A3CE600F207C6 /* 返回NSData类的对象 */ = {
			isa = PBXGroup;
			children = (
				C0F29D161E8A3CE600F207C6 /* main.m */,
			);
			path = "返回NSData类的对象";
			sourceTree = "<group>";
		};
/* End PBXGroup section */

/* Begin PBXNativeTarget section */
		C0F29CFA1E8A3C8900F207C6 /* 4.8 */ = {
			isa = PBXNativeTarget;
			buildConfigurationList = C0F29D021E8A3C8900F207C6 /* Build configuration list for PBXNativeTarget "4.8" */;
			buildPhases = (
				C0F29CF71E8A3C8900F207C6 /* Sources */,
				C0F29CF81E8A3C8900F207C6 /* Frameworks */,
				C0F29CF91E8A3C8900F207C6 /* CopyFiles */,
			);
			buildRules = (
			);
			dependencies = (
			);
			name = 4.8;
			productName = 4.8;
			productReference = C0F29CFB1E8A3C8900F207C6 /* 4.8 */;
			productType = "com.apple.product-type.tool";
		};
		C0F29D081E8A3CA800F207C6 /* stringWithContentsOfURL:encoding:error:方法 */ = {
			isa = PBXNativeTarget;
			buildConfigurationList = C0F29D0D1E8A3CA800F207C6 /* Build configuration list for PBXNativeTarget "stringWithContentsOfURL:encoding:error:方法" */;
			buildPhases = (
				C0F29D051E8A3CA800F207C6 /* Sources */,
				C0F29D061E8A3CA800F207C6 /* Frameworks */,
				C0F29D071E8A3CA800F207C6 /* CopyFiles */,
			);
			buildRules = (
			);
			dependencies = (
			);
			name = "stringWithContentsOfURL:encoding:error:方法";
			productName = "stringWithContentsOfURL:encoding:error:方法";
			productReference = C0F29D091E8A3CA800F207C6 /* stringWithContentsOfURL:encoding:error:方法 */;
			productType = "com.apple.product-type.tool";
		};
		C0F29D131E8A3CE600F207C6 /* 返回NSData类的对象 */ = {
			isa = PBXNativeTarget;
			buildConfigurationList = C0F29D181E8A3CE600F207C6 /* Build configuration list for PBXNativeTarget "返回NSData类的对象" */;
			buildPhases = (
				C0F29D101E8A3CE600F207C6 /* Sources */,
				C0F29D111E8A3CE600F207C6 /* Frameworks */,
				C0F29D121E8A3CE600F207C6 /* CopyFiles */,
			);
			buildRules = (
			);
			dependencies = (
			);
			name = "返回NSData类的对象";
			productName = "返回NSData类的对象";
			productReference = C0F29D141E8A3CE600F207C6 /* 返回NSData类的对象 */;
			productType = "com.apple.product-type.tool";
		};
/* End PBXNativeTarget section */

/* Begin PBXProject section */
		C0F29CF31E8A3C8900F207C6 /* Project object */ = {
			isa = PBXProject;
			attributes = {
				LastUpgradeCheck = 0820;
				ORGANIZATIONNAME = Liz;
				TargetAttributes = {
					C0F29CFA1E8A3C8900F207C6 = {
						CreatedOnToolsVersion = 8.2;
						ProvisioningStyle = Automatic;
					};
					C0F29D081E8A3CA800F207C6 = {
						CreatedOnToolsVersion = 8.2;
						ProvisioningStyle = Automatic;
					};
					C0F29D131E8A3CE600F207C6 = {
						CreatedOnToolsVersion = 8.2;
						ProvisioningStyle = Automatic;
					};
				};
			};
			buildConfigurationList = C0F29CF61E8A3C8900F207C6 /* Build configuration list for PBXProject "4.8" */;
			compatibilityVersion = "Xcode 3.2";
			developmentRegion = English;
			hasScannedForEncodings = 0;
			knownRegions = (
				en,
			);
			mainGroup = C0F29CF21E8A3C8900F207C6;
			productRefGroup = C0F29CFC1E8A3C8900F207C6 /* Products */;
			projectDirPath = "";
			projectRoot = "";
			targets = (
				C0F29CFA1E8A3C8900F207C6 /* 4.8 */,
				C0F29D081E8A3CA800F207C6 /* stringWithContentsOfURL:encoding:error:方法 */,
				C0F29D131E8A3CE600F207C6 /* 返回NSData类的对象 */,
			);
		};
/* End PBXProject section */

/* Begin PBXSourcesBuildPhase section */
		C0F29CF71E8A3C8900F207C6 /* Sources */ = {
			isa = PBXSourcesBuildPhase;
			buildActionMask = 2147483647;
			files = (
				C0F29CFF1E8A3C8900F207C6 /* main.m in Sources */,
			);
			runOnlyForDeploymentPostprocessing = 0;
		};
		C0F29D051E8A3CA800F207C6 /* Sources */ = {
			isa = PBXSourcesBuildPhase;
			buildActionMask = 2147483647;
			files = (
				C0F29D0C1E8A3CA800F207C6 /* main.m in Sources */,
			);
			runOnlyForDeploymentPostprocessing = 0;
		};
		C0F29D101E8A3CE600F207C6 /* Sources */ = {
			isa = PBXSourcesBuildPhase;
			buildActionMask = 2147483647;
			files = (
				C0F29D171E8A3CE600F207C6 /* main.m in Sources */,
			);
			runOnlyForDeploymentPostprocessing = 0;
		};
/* End PBXSourcesBuildPhase section */

/* Begin XCBuildConfiguration section */
		C0F29D001E8A3C8900F207C6 /* Debug */ = {
			isa = XCBuildConfiguration;
			buildSettings = {
				ALWAYS_SEARCH_USER_PATHS = NO;
				CLANG_ANALYZER_NONNULL = YES;
				CLANG_CXX_LANGUAGE_STANDARD = "gnu++0x";
				CLANG_CXX_LIBRARY = "libc++";
				CLANG_ENABLE_MODULES = YES;
				CLANG_ENABLE_OBJC_ARC = YES;
				CLANG_WARN_BOOL_CONVERSION = YES;
				CLANG_WARN_CONSTANT_CONVERSION = YES;
				CLANG_WARN_DIRECT_OBJC_ISA_USAGE = YES_ERROR;
				CLANG_WARN_DOCUMENTATION_COMMENTS = YES;
				CLANG_WARN_EMPTY_BODY = YES;
				CLANG_WARN_ENUM_CONVERSION = YES;
				CLANG_WARN_INFINITE_RECURSION = YES;
				CLANG_WARN_INT_CONVERSION = YES;
				CLANG_WARN_OBJC_ROOT_CLASS = YES_ERROR;
				CLANG_WARN_SUSPICIOUS_MOVE = YES;
				CLANG_WARN_UNREACHABLE_CODE = YES;
				CLANG_WARN__DUPLICATE_METHOD_MATCH = YES;
				CODE_SIGN_IDENTITY = "-";
				COPY_PHASE_STRIP = NO;
				DEBUG_INFORMATION_FORMAT = dwarf;
				ENABLE_STRICT_OBJC_MSGSEND = YES;
				ENABLE_TESTABILITY = YES;
				GCC_C_LANGUAGE_STANDARD = gnu99;
				GCC_DYNAMIC_NO_PIC = NO;
				GCC_NO_COMMON_BLOCKS = YES;
				GCC_OPTIMIZATION_LEVEL = 0;
				GCC_PREPROCESSOR_DEFINITIONS = (
					"DEBUG=1",
					"$(inherited)",
				);
				GCC_WARN_64_TO_32_BIT_CONVERSION = YES;
				GCC_WARN_ABOUT_RETURN_TYPE = YES_ERROR;
				GCC_WARN_UNDECLARED_SELECTOR = YES;
				GCC_WARN_UNINITIALIZED_AUTOS = YES_AGGRESSIVE;
				GCC_WARN_UNUSED_FUNCTION = YES;
				GCC_WARN_UNUSED_VARIABLE = YES;
				MACOSX_DEPLOYMENT_TARGET = 10.12;
				MTL_ENABLE_DEBUG_INFO = YES;
				ONLY_ACTIVE_ARCH = YES;
				SDKROOT = macosx;
			};
			name = Debug;
		};
		C0F29D011E8A3C8900F207C6 /* Release */ = {
			isa = XCBuildConfiguration;
			buildSettings = {
				ALWAYS_SEARCH_USER_PATHS = NO;
				CLANG_ANALYZER_NONNULL = YES;
				CLANG_CXX_LANGUAGE_STANDARD = "gnu++0x";
				CLANG_CXX_LIBRARY = "libc++";
				CLANG_ENABLE_MODULES = YES;
				CLANG_ENABLE_OBJC_ARC = YES;
				CLANG_WARN_BOOL_CONVERSION = YES;
				CLANG_WARN_CONSTANT_CONVERSION = YES;
				CLANG_WARN_DIRECT_OBJC_ISA_USAGE = YES_ERROR;
				CLANG_WARN_DOCUMENTATION_COMMENTS = YES;
				CLANG_WARN_EMPTY_BODY = YES;
				CLANG_WARN_ENUM_CONVERSION = YES;
				CLANG_WARN_INFINITE_RECURSION = YES;
				CLANG_WARN_INT_CONVERSION = YES;
				CLANG_WARN_OBJC_ROOT_CLASS = YES_ERROR;
				CLANG_WARN_SUSPICIOUS_MOVE = YES;
				CLANG_WARN_UNREACHABLE_CODE = YES;
				CLANG_WARN__DUPLICATE_METHOD_MATCH = YES;
				CODE_SIGN_IDENTITY = "-";
				COPY_PHASE_STRIP = NO;
				DEBUG_INFORMATION_FORMAT = "dwarf-with-dsym";
				ENABLE_NS_ASSERTIONS = NO;
				ENABLE_STRICT_OBJC_MSGSEND = YES;
				GCC_C_LANGUAGE_STANDARD = gnu99;
				GCC_NO_COMMON_BLOCKS = YES;
				GCC_WARN_64_TO_32_BIT_CONVERSION = YES;
				GCC_WARN_ABOUT_RETURN_TYPE = YES_ERROR;
				GCC_WARN_UNDECLARED_SELECTOR = YES;
				GCC_WARN_UNINITIALIZED_AUTOS = YES_AGGRESSIVE;
				GCC_WARN_UNUSED_FUNCTION = YES;
				GCC_WARN_UNUSED_VARIABLE = YES;
				MACOSX_DEPLOYMENT_TARGET = 10.12;
				MTL_ENABLE_DEBUG_INFO = NO;
				SDKROOT = macosx;
			};
			name = Release;
		};
		C0F29D031E8A3C8900F207C6 /* Debug */ = {
			isa = XCBuildConfiguration;
			buildSettings = {
				PRODUCT_NAME = "$(TARGET_NAME)";
			};
			name = Debug;
		};
		C0F29D041E8A3C8900F207C6 /* Release */ = {
			isa = XCBuildConfiguration;
			buildSettings = {
				PRODUCT_NAME = "$(TARGET_NAME)";
			};
			name = Release;
		};
		C0F29D0E1E8A3CA800F207C6 /* Debug */ = {
			isa = XCBuildConfiguration;
			buildSettings = {
				PRODUCT_NAME = "$(TARGET_NAME)";
			};
			name = Debug;
		};
		C0F29D0F1E8A3CA800F207C6 /* Release */ = {
			isa = XCBuildConfiguration;
			buildSettings = {
				PRODUCT_NAME = "$(TARGET_NAME)";
			};
			name = Release;
		};
		C0F29D191E8A3CE600F207C6 /* Debug */ = {
			isa = XCBuildConfiguration;
			buildSettings = {
				PRODUCT_NAME = "$(TARGET_NAME)";
			};
			name = Debug;
		};
		C0F29D1A1E8A3CE600F207C6 /* Release */ = {
			isa = XCBuildConfiguration;
			buildSettings = {
				PRODUCT_NAME = "$(TARGET_NAME)";
			};
			name = Release;
		};
/* End XCBuildConfiguration section */

/* Begin XCConfigurationList section */
		C0F29CF61E8A3C8900F207C6 /* Build configuration list for PBXProject "4.8" */ = {
			isa = XCConfigurationList;
			buildConfigurations = (
				C0F29D001E8A3C8900F207C6 /* Debug */,
				C0F29D011E8A3C8900F207C6 /* Release */,
			);
			defaultConfigurationIsVisible = 0;
			defaultConfigurationName = Release;
		};
		C0F29D021E8A3C8900F207C6 /* Build configuration list for PBXNativeTarget "4.8" */ = {
			isa = XCConfigurationList;
			buildConfigurations = (
				C0F29D031E8A3C8900F207C6 /* Debug */,
				C0F29D041E8A3C8900F207C6 /* Release */,
			);
			defaultConfigurationIsVisible = 0;
		};
		C0F29D0D1E8A3CA800F207C6 /* Build configuration list for PBXNativeTarget "stringWithContentsOfURL:encoding:error:方法" */ = {
			isa = XCConfigurationList;
			buildConfigurations = (
				C0F29D0E1E8A3CA800F207C6 /* Debug */,
				C0F29D0F1E8A3CA800F207C6 /* Release */,
			);
			defaultConfigurationIsVisible = 0;
		};
		C0F29D181E8A3CE600F207C6 /* Build configuration list for PBXNativeTarget "返回NSData类的对象" */ = {
			isa = XCConfigurationList;
			buildConfigurations = (
				C0F29D191E8A3CE600F207C6 /* Debug */,
				C0F29D1A1E8A3CE600F207C6 /* Release */,
			);
			defaultConfigurationIsVisible = 0;
		};
/* End XCConfigurationList section */
	};
	rootObject = C0F29CF31E8A3C8900F207C6 /* Project object */;
}
